// !$*UTF8*$!
{
	archiveVersion = 1;
	classes = {
	};
	objectVersion = 77;
	objects = {

/* Begin PBXContainerItemProxy section */
		6425EA602D743C1A00FCE3BA /* PBXContainerItemProxy */ = {
			isa = PBXContainerItemProxy;
			containerPortal = 6425EA472D743C1600FCE3BA /* Project object */;
			proxyType = 1;
			remoteGlobalIDString = 6425EA4E2D743C1600FCE3BA;
			remoteInfo = IsoApp;
		};
		6425EA6A2D743C1A00FCE3BA /* PBXContainerItemProxy */ = {
			isa = PBXContainerItemProxy;
			containerPortal = 6425EA472D743C1600FCE3BA /* Project object */;
			proxyType = 1;
			remoteGlobalIDString = 6425EA4E2D743C1600FCE3BA;
			remoteInfo = IsoApp;
		};
/* End PBXContainerItemProxy section */

/* Begin PBXFileReference section */
		6425EA4F2D743C1600FCE3BA /* IsoApp.app */ = {isa = PBXFileReference; explicitFileType = wrapper.application; includeInIndex = 0; path = IsoApp.app; sourceTree = BUILT_PRODUCTS_DIR; };
		6425EA5F2D743C1A00FCE3BA /* IsoAppTests.xctest */ = {isa = PBXFileReference; explicitFileType = wrapper.cfbundle; includeInIndex = 0; path = IsoAppTests.xctest; sourceTree = BUILT_PRODUCTS_DIR; };
		6425EA692D743C1A00FCE3BA /* IsoAppUITests.xctest */ = {isa = PBXFileReference; explicitFileType = wrapper.cfbundle; includeInIndex = 0; path = IsoAppUITests.xctest; sourceTree = BUILT_PRODUCTS_DIR; };
/* End PBXFileReference section */

/* Begin PBXFileSystemSynchronizedRootGroup section */
		6425EA512D743C1600FCE3BA /* IsoApp */ = {
			isa = PBXFileSystemSynchronizedRootGroup;
			path = IsoApp;
			sourceTree = "<group>";
		};
		6425EA622D743C1A00FCE3BA /* IsoAppTests */ = {
			isa = PBXFileSystemSynchronizedRootGroup;
			path = IsoAppTests;
			sourceTree = "<group>";
		};
		6425EA6C2D743C1A00FCE3BA /* IsoAppUITests */ = {
			isa = PBXFileSystemSynchronizedRootGroup;
			path = IsoAppUITests;
			sourceTree = "<group>";
		};
/* End PBXFileSystemSynchronizedRootGroup section */

/* Begin PBXFrameworksBuildPhase section */
		6425EA4C2D743C1600FCE3BA /* Frameworks */ = {
			isa = PBXFrameworksBuildPhase;
			buildActionMask = 2147483647;
			files = (
			);
			runOnlyForDeploymentPostprocessing = 0;
		};
		6425EA5C2D743C1A00FCE3BA /* Frameworks */ = {
			isa = PBXFrameworksBuildPhase;
			buildActionMask = 2147483647;
			files = (
			);
			runOnlyForDeploymentPostprocessing = 0;
		};
		6425EA662D743C1A00FCE3BA /* Frameworks */ = {
			isa = PBXFrameworksBuildPhase;
			buildActionMask = 2147483647;
			files = (
			);
			runOnlyForDeploymentPostprocessing = 0;
		};
/* End PBXFrameworksBuildPhase section */

/* Begin PBXGroup section */
		6425EA462D743C1600FCE3BA = {
			isa = PBXGroup;
			children = (
				6425EA512D743C1600FCE3BA /* IsoApp */,
				6425EA622D743C1A00FCE3BA /* IsoAppTests */,
				6425EA6C2D743C1A00FCE3BA /* IsoAppUITests */,
				6425EA502D743C1600FCE3BA /* Products */,
			);
			sourceTree = "<group>";
		};
		6425EA502D743C1600FCE3BA /* Products */ = {
			isa = PBXGroup;
			children = (
				6425EA4F2D743C1600FCE3BA /* IsoApp.app */,
				6425EA5F2D743C1A00FCE3BA /* IsoAppTests.xctest */,
				6425EA692D743C1A00FCE3BA /* IsoAppUITests.xctest */,
			);
			name = Products;
			sourceTree = "<group>";
		};
/* End PBXGroup section */

/* Begin PBXNativeTarget section */
		6425EA4E2D743C1600FCE3BA /* IsoApp */ = {
			isa = PBXNativeTarget;
			buildConfigurationList = 6425EA732D743C1A00FCE3BA /* Build configuration list for PBXNativeTarget "IsoApp" */;
			buildPhases = (
				6425EA4B2D743C1600FCE3BA /* Sources */,
				6425EA4C2D743C1600FCE3BA /* Frameworks */,
				6425EA4D2D743C1600FCE3BA /* Resources */,
			);
			buildRules = (
			);
			dependencies = (
			);
			fileSystemSynchronizedGroups = (
				6425EA512D743C1600FCE3BA /* IsoApp */,
			);
			name = IsoApp;
			packageProductDependencies = (
			);
			productName = IsoApp;
			productReference = 6425EA4F2D743C1600FCE3BA /* IsoApp.app */;
			productType = "com.apple.product-type.application";
		};
		6425EA5E2D743C1A00FCE3BA /* IsoAppTests */ = {
			isa = PBXNativeTarget;
			buildConfigurationList = 6425EA762D743C1A00FCE3BA /* Build configuration list for PBXNativeTarget "IsoAppTests" */;
			buildPhases = (
				6425EA5B2D743C1A00FCE3BA /* Sources */,
				6425EA5C2D743C1A00FCE3BA /* Frameworks */,
				6425EA5D2D743C1A00FCE3BA /* Resources */,
			);
			buildRules = (
			);
			dependencies = (
				6425EA612D743C1A00FCE3BA /* PBXTargetDependency */,
			);
			fileSystemSynchronizedGroups = (
				6425EA622D743C1A00FCE3BA /* IsoAppTests */,
			);
			name = IsoAppTests;
			packageProductDependencies = (
			);
			productName = IsoAppTests;
			productReference = 6425EA5F2D743C1A00FCE3BA /* IsoAppTests.xctest */;
			productType = "com.apple.product-type.bundle.unit-test";
		};
		6425EA682D743C1A00FCE3BA /* IsoAppUITests */ = {
			isa = PBXNativeTarget;
			buildConfigurationList = 6425EA792D743C1A00FCE3BA /* Build configuration list for PBXNativeTarget "IsoAppUITests" */;
			buildPhases = (
				6425EA652D743C1A00FCE3BA /* Sources */,
				6425EA662D743C1A00FCE3BA /* Frameworks */,
				6425EA672D743C1A00FCE3BA /* Resources */,
			);
			buildRules = (
			);
			dependencies = (
				6425EA6B2D743C1A00FCE3BA /* PBXTargetDependency */,
			);
			fileSystemSynchronizedGroups = (
				6425EA6C2D743C1A00FCE3BA /* IsoAppUITests */,
			);
			name = IsoAppUITests;
			packageProductDependencies = (
			);
			productName = IsoAppUITests;
			productReference = 6425EA692D743C1A00FCE3BA /* IsoAppUITests.xctest */;
			productType = "com.apple.product-type.bundle.ui-testing";
		};
/* End PBXNativeTarget section */

/* Begin PBXProject section */
		6425EA472D743C1600FCE3BA /* Project object */ = {
			isa = PBXProject;
			attributes = {
				BuildIndependentTargetsInParallel = 1;
				LastSwiftUpdateCheck = 1620;
				LastUpgradeCheck = 1620;
				TargetAttributes = {
					6425EA4E2D743C1600FCE3BA = {
						CreatedOnToolsVersion = 16.2;
					};
					6425EA5E2D743C1A00FCE3BA = {
						CreatedOnToolsVersion = 16.2;
						TestTargetID = 6425EA4E2D743C1600FCE3BA;
					};
					6425EA682D743C1A00FCE3BA = {
						CreatedOnToolsVersion = 16.2;
						TestTargetID = 6425EA4E2D743C1600FCE3BA;
					};
				};
			};
			buildConfigurationList = 6425EA4A2D743C1600FCE3BA /* Build configuration list for PBXProject "IsoApp" */;
			developmentRegion = en;
			hasScannedForEncodings = 0;
			knownRegions = (
				en,
				Base,
			);
			mainGroup = 6425EA462D743C1600FCE3BA;
			minimizedProjectReferenceProxies = 1;
			preferredProjectObjectVersion = 77;
			productRefGroup = 6425EA502D743C1600FCE3BA /* Products */;
			projectDirPath = "";
			projectRoot = "";
			targets = (
				6425EA4E2D743C1600FCE3BA /* IsoApp */,
				6425EA5E2D743C1A00FCE3BA /* IsoAppTests */,
				6425EA682D743C1A00FCE3BA /* IsoAppUITests */,
			);
		};
/* End PBXProject section */

/* Begin PBXResourcesBuildPhase section */
		6425EA4D2D743C1600FCE3BA /* Resources */ = {
			isa = PBXResourcesBuildPhase;
			buildActionMask = 2147483647;
			files = (
			);
			runOnlyForDeploymentPostprocessing = 0;
		};
		6425EA5D2D743C1A00FCE3BA /* Resources */ = {
			isa = PBXResourcesBuildPhase;
			buildActionMask = 2147483647;
			files = (
			);
			runOnlyForDeploymentPostprocessing = 0;
		};
		6425EA672D743C1A00FCE3BA /* Resources */ = {
			isa = PBXResourcesBuildPhase;
			buildActionMask = 2147483647;
			files = (
			);
			runOnlyForDeploymentPostprocessing = 0;
		};
/* End PBXResourcesBuildPhase section */

/* Begin PBXSourcesBuildPhase section */
		6425EA4B2D743C1600FCE3BA /* Sources */ = {
			isa = PBXSourcesBuildPhase;
			buildActionMask = 2147483647;
			files = (
			);
			runOnlyForDeploymentPostprocessing = 0;
		};
		6425EA5B2D743C1A00FCE3BA /* Sources */ = {
			isa = PBXSourcesBuildPhase;
			buildActionMask = 2147483647;
			files = (
			);
			runOnlyForDeploymentPostprocessing = 0;
		};
		6425EA652D743C1A00FCE3BA /* Sources */ = {
			isa = PBXSourcesBuildPhase;
			buildActionMask = 2147483647;
			files = (
			);
			runOnlyForDeploymentPostprocessing = 0;
		};
/* End PBXSourcesBuildPhase section */

/* Begin PBXTargetDependency section */
		6425EA612D743C1A00FCE3BA /* PBXTargetDependency */ = {
			isa = PBXTargetDependency;
			target = 6425EA4E2D743C1600FCE3BA /* IsoApp */;
			targetProxy = 6425EA602D743C1A00FCE3BA /* PBXContainerItemProxy */;
		};
		6425EA6B2D743C1A00FCE3BA /* PBXTargetDependency */ = {
			isa = PBXTargetDependency;
			target = 6425EA4E2D743C1600FCE3BA /* IsoApp */;
			targetProxy = 6425EA6A2D743C1A00FCE3BA /* PBXContainerItemProxy */;
		};
/* End PBXTargetDependency section */

/* Begin XCBuildConfiguration section */
		6425EA712D743C1A00FCE3BA /* Debug */ = {
			isa = XCBuildConfiguration;
			buildSettings = {
				ALWAYS_SEARCH_USER_PATHS = NO;
				ASSETCATALOG_COMPILER_GENERATE_SWIFT_ASSET_SYMBOL_EXTENSIONS = YES;
				CLANG_ANALYZER_NONNULL = YES;
				CLANG_ANALYZER_NUMBER_OBJECT_CONVERSION = YES_AGGRESSIVE;
				CLANG_CXX_LANGUAGE_STANDARD = "gnu++20";
				CLANG_ENABLE_MODULES = YES;
				CLANG_ENABLE_OBJC_ARC = YES;
				CLANG_ENABLE_OBJC_WEAK = YES;
				CLANG_WARN_BLOCK_CAPTURE_AUTORELEASING = YES;
				CLANG_WARN_BOOL_CONVERSION = YES;
				CLANG_WARN_COMMA = YES;
				CLANG_WARN_CONSTANT_CONVERSION = YES;
				CLANG_WARN_DEPRECATED_OBJC_IMPLEMENTATIONS = YES;
				CLANG_WARN_DIRECT_OBJC_ISA_USAGE = YES_ERROR;
				CLANG_WARN_DOCUMENTATION_COMMENTS = YES;
				CLANG_WARN_EMPTY_BODY = YES;
				CLANG_WARN_ENUM_CONVERSION = YES;
				CLANG_WARN_INFINITE_RECURSION = YES;
				CLANG_WARN_INT_CONVERSION = YES;
				CLANG_WARN_NON_LITERAL_NULL_CONVERSION = YES;
				CLANG_WARN_OBJC_IMPLICIT_RETAIN_SELF = YES;
				CLANG_WARN_OBJC_LITERAL_CONVERSION = YES;
				CLANG_WARN_OBJC_ROOT_CLASS = YES_ERROR;
				CLANG_WARN_QUOTED_INCLUDE_IN_FRAMEWORK_HEADER = YES;
				CLANG_WARN_RANGE_LOOP_ANALYSIS = YES;
				CLANG_WARN_STRICT_PROTOTYPES = YES;
				CLANG_WARN_SUSPICIOUS_MOVE = YES;
				CLANG_WARN_UNGUARDED_AVAILABILITY = YES_AGGRESSIVE;
				CLANG_WARN_UNREACHABLE_CODE = YES;
				CLANG_WARN__DUPLICATE_METHOD_MATCH = YES;
				COPY_PHASE_STRIP = NO;
				DEBUG_INFORMATION_FORMAT = dwarf;
				ENABLE_STRICT_OBJC_MSGSEND = YES;
				ENABLE_TESTABILITY = YES;
				ENABLE_USER_SCRIPT_SANDBOXING = YES;
				GCC_C_LANGUAGE_STANDARD = gnu17;
				GCC_DYNAMIC_NO_PIC = NO;
				GCC_NO_COMMON_BLOCKS = YES;
				GCC_OPTIMIZATION_LEVEL = 0;
				GCC_PREPROCESSOR_DEFINITIONS = (
					"DEBUG=1",
					"$(inherited)",
				);
				GCC_WARN_64_TO_32_BIT_CONVERSION = YES;
				GCC_WARN_ABOUT_RETURN_TYPE = YES_ERROR;
				GCC_WARN_UNDECLARED_SELECTOR = YES;
				GCC_WARN_UNINITIALIZED_AUTOS = YES_AGGRESSIVE;
				GCC_WARN_UNUSED_FUNCTION = YES;
				GCC_WARN_UNUSED_VARIABLE = YES;
				IPHONEOS_DEPLOYMENT_TARGET = 18.2;
				LOCALIZATION_PREFERS_STRING_CATALOGS = YES;
				MTL_ENABLE_DEBUG_INFO = INCLUDE_SOURCE;
				MTL_FAST_MATH = YES;
				ONLY_ACTIVE_ARCH = YES;
				SDKROOT = iphoneos;
				SWIFT_ACTIVE_COMPILATION_CONDITIONS = "DEBUG $(inherited)";
				SWIFT_OPTIMIZATION_LEVEL = "-Onone";
			};
			name = Debug;
		};
		6425EA722D743C1A00FCE3BA /* Release */ = {
			isa = XCBuildConfiguration;
			buildSettings = {
				ALWAYS_SEARCH_USER_PATHS = NO;
				ASSETCATALOG_COMPILER_GENERATE_SWIFT_ASSET_SYMBOL_EXTENSIONS = YES;
				CLANG_ANALYZER_NONNULL = YES;
				CLANG_ANALYZER_NUMBER_OBJECT_CONVERSION = YES_AGGRESSIVE;
				CLANG_CXX_LANGUAGE_STANDARD = "gnu++20";
				CLANG_ENABLE_MODULES = YES;
				CLANG_ENABLE_OBJC_ARC = YES;
				CLANG_ENABLE_OBJC_WEAK = YES;
				CLANG_WARN_BLOCK_CAPTURE_AUTORELEASING = YES;
				CLANG_WARN_BOOL_CONVERSION = YES;
				CLANG_WARN_COMMA = YES;
				CLANG_WARN_CONSTANT_CONVERSION = YES;
				CLANG_WARN_DEPRECATED_OBJC_IMPLEMENTATIONS = YES;
				CLANG_WARN_DIRECT_OBJC_ISA_USAGE = YES_ERROR;
				CLANG_WARN_DOCUMENTATION_COMMENTS = YES;
				CLANG_WARN_EMPTY_BODY = YES;
				CLANG_WARN_ENUM_CONVERSION = YES;
				CLANG_WARN_INFINITE_RECURSION = YES;
				CLANG_WARN_INT_CONVERSION = YES;
				CLANG_WARN_NON_LITERAL_NULL_CONVERSION = YES;
				CLANG_WARN_OBJC_IMPLICIT_RETAIN_SELF = YES;
				CLANG_WARN_OBJC_LITERAL_CONVERSION = YES;
				CLANG_WARN_OBJC_ROOT_CLASS = YES_ERROR;
				CLANG_WARN_QUOTED_INCLUDE_IN_FRAMEWORK_HEADER = YES;
				CLANG_WARN_RANGE_LOOP_ANALYSIS = YES;
				CLANG_WARN_STRICT_PROTOTYPES = YES;
				CLANG_WARN_SUSPICIOUS_MOVE = YES;
				CLANG_WARN_UNGUARDED_AVAILABILITY = YES_AGGRESSIVE;
				CLANG_WARN_UNREACHABLE_CODE = YES;
				CLANG_WARN__DUPLICATE_METHOD_MATCH = YES;
				COPY_PHASE_STRIP = NO;
				DEBUG_INFORMATION_FORMAT = "dwarf-with-dsym";
				ENABLE_NS_ASSERTIONS = NO;
				ENABLE_STRICT_OBJC_MSGSEND = YES;
				ENABLE_USER_SCRIPT_SANDBOXING = YES;
				GCC_C_LANGUAGE_STANDARD = gnu17;
				GCC_NO_COMMON_BLOCKS = YES;
				GCC_WARN_64_TO_32_BIT_CONVERSION = YES;
				GCC_WARN_ABOUT_RETURN_TYPE = YES_ERROR;
				GCC_WARN_UNDECLARED_SELECTOR = YES;
				GCC_WARN_UNINITIALIZED_AUTOS = YES_AGGRESSIVE;
				GCC_WARN_UNUSED_FUNCTION = YES;
				GCC_WARN_UNUSED_VARIABLE = YES;
				IPHONEOS_DEPLOYMENT_TARGET = 18.2;
				LOCALIZATION_PREFERS_STRING_CATALOGS = YES;
				MTL_ENABLE_DEBUG_INFO = NO;
				MTL_FAST_MATH = YES;
				SDKROOT = iphoneos;
				SWIFT_COMPILATION_MODE = wholemodule;
				VALIDATE_PRODUCT = YES;
			};
			name = Release;
		};
		6425EA742D743C1A00FCE3BA /* Debug */ = {
			isa = XCBuildConfiguration;
			buildSettings = {
				ASSETCATALOG_COMPILER_APPICON_NAME = AppIcon;
				ASSETCATALOG_COMPILER_GLOBAL_ACCENT_COLOR_NAME = AccentColor;
				CODE_SIGN_STYLE = Automatic;
				CURRENT_PROJECT_VERSION = 1;
				DEVELOPMENT_ASSET_PATHS = "\"IsoApp/Preview Content\"";
				ENABLE_PREVIEWS = YES;
				GENERATE_INFOPLIST_FILE = YES;
				INFOPLIST_KEY_UIApplicationSceneManifest_Generation = YES;
				INFOPLIST_KEY_UIApplicationSupportsIndirectInputEvents = YES;
				INFOPLIST_KEY_UILaunchScreen_Generation = YES;
				INFOPLIST_KEY_UISupportedInterfaceOrientations_iPad = "UIInterfaceOrientationPortrait UIInterfaceOrientationPortraitUpsideDown UIInterfaceOrientationLandscapeLeft UIInterfaceOrientationLandscapeRight";
				INFOPLIST_KEY_UISupportedInterfaceOrientations_iPhone = "UIInterfaceOrientationPortrait UIInterfaceOrientationLandscapeLeft UIInterfaceOrientationLandscapeRight";
				LD_RUNPATH_SEARCH_PATHS = (
					"$(inherited)",
					"@executable_path/Frameworks",
				);
				MARKETING_VERSION = 1.0;
				PRODUCT_BUNDLE_IDENTIFIER = io.sircrazypaper.github.IsoApp;
				PRODUCT_NAME = "$(TARGET_NAME)";
				SWIFT_EMIT_LOC_STRINGS = YES;
				SWIFT_VERSION = 5.0;
				TARGETED_DEVICE_FAMILY = "1,2";
			};
			name = Debug;
		};
		6425EA752D743C1A00FCE3BA /* Release */ = {
			isa = XCBuildConfiguration;
			buildSettings = {
				ASSETCATALOG_COMPILER_APPICON_NAME = AppIcon;
				ASSETCATALOG_COMPILER_GLOBAL_ACCENT_COLOR_NAME = AccentColor;
				CODE_SIGN_STYLE = Automatic;
				CURRENT_PROJECT_VERSION = 1;
				DEVELOPMENT_ASSET_PATHS = "\"IsoApp/Preview Content\"";
				ENABLE_PREVIEWS = YES;
				GENERATE_INFOPLIST_FILE = YES;
				INFOPLIST_KEY_UIApplicationSceneManifest_Generation = YES;
				INFOPLIST_KEY_UIApplicationSupportsIndirectInputEvents = YES;
				INFOPLIST_KEY_UILaunchScreen_Generation = YES;
				INFOPLIST_KEY_UISupportedInterfaceOrientations_iPad = "UIInterfaceOrientationPortrait UIInterfaceOrientationPortraitUpsideDown UIInterfaceOrientationLandscapeLeft UIInterfaceOrientationLandscapeRight";
				INFOPLIST_KEY_UISupportedInterfaceOrientations_iPhone = "UIInterfaceOrientationPortrait UIInterfaceOrientationLandscapeLeft UIInterfaceOrientationLandscapeRight";
				LD_RUNPATH_SEARCH_PATHS = (
					"$(inherited)",
					"@executable_path/Frameworks",
				);
				MARKETING_VERSION = 1.0;
				PRODUCT_BUNDLE_IDENTIFIER = io.sircrazypaper.github.IsoApp;
				PRODUCT_NAME = "$(TARGET_NAME)";
				SWIFT_EMIT_LOC_STRINGS = YES;
				SWIFT_VERSION = 5.0;
				TARGETED_DEVICE_FAMILY = "1,2";
			};
			name = Release;
		};
		6425EA772D743C1A00FCE3BA /* Debug */ = {
			isa = XCBuildConfiguration;
			buildSettings = {
				BUNDLE_LOADER = "$(TEST_HOST)";
				CODE_SIGN_STYLE = Automatic;
				CURRENT_PROJECT_VERSION = 1;
				GENERATE_INFOPLIST_FILE = YES;
				IPHONEOS_DEPLOYMENT_TARGET = 18.2;
				MARKETING_VERSION = 1.0;
				PRODUCT_BUNDLE_IDENTIFIER = io.sircrazypaper.github.IsoAppTests;
				PRODUCT_NAME = "$(TARGET_NAME)";
				SWIFT_EMIT_LOC_STRINGS = NO;
				SWIFT_VERSION = 5.0;
				TARGETED_DEVICE_FAMILY = "1,2";
				TEST_HOST = "$(BUILT_PRODUCTS_DIR)/IsoApp.app/$(BUNDLE_EXECUTABLE_FOLDER_PATH)/IsoApp";
			};
			name = Debug;
		};
		6425EA782D743C1A00FCE3BA /* Release */ = {
			isa = XCBuildConfiguration;
			buildSettings = {
				BUNDLE_LOADER = "$(TEST_HOST)";
				CODE_SIGN_STYLE = Automatic;
				CURRENT_PROJECT_VERSION = 1;
				GENERATE_INFOPLIST_FILE = YES;
				IPHONEOS_DEPLOYMENT_TARGET = 18.2;
				MARKETING_VERSION = 1.0;
				PRODUCT_BUNDLE_IDENTIFIER = io.sircrazypaper.github.IsoAppTests;
				PRODUCT_NAME = "$(TARGET_NAME)";
				SWIFT_EMIT_LOC_STRINGS = NO;
				SWIFT_VERSION = 5.0;
				TARGETED_DEVICE_FAMILY = "1,2";
				TEST_HOST = "$(BUILT_PRODUCTS_DIR)/IsoApp.app/$(BUNDLE_EXECUTABLE_FOLDER_PATH)/IsoApp";
			};
			name = Release;
		};
		6425EA7A2D743C1A00FCE3BA /* Debug */ = {
			isa = XCBuildConfiguration;
			buildSettings = {
				CODE_SIGN_STYLE = Automatic;
				CURRENT_PROJECT_VERSION = 1;
				GENERATE_INFOPLIST_FILE = YES;
				MARKETING_VERSION = 1.0;
				PRODUCT_BUNDLE_IDENTIFIER = io.sircrazypaper.github.IsoAppUITests;
				PRODUCT_NAME = "$(TARGET_NAME)";
				SWIFT_EMIT_LOC_STRINGS = NO;
				SWIFT_VERSION = 5.0;
				TARGETED_DEVICE_FAMILY = "1,2";
				TEST_TARGET_NAME = IsoApp;
			};
			name = Debug;
		};
		6425EA7B2D743C1A00FCE3BA /* Release */ = {
			isa = XCBuildConfiguration;
			buildSettings = {
				CODE_SIGN_STYLE = Automatic;
				CURRENT_PROJECT_VERSION = 1;
				GENERATE_INFOPLIST_FILE = YES;
				MARKETING_VERSION = 1.0;
				PRODUCT_BUNDLE_IDENTIFIER = io.sircrazypaper.github.IsoAppUITests;
				PRODUCT_NAME = "$(TARGET_NAME)";
				SWIFT_EMIT_LOC_STRINGS = NO;
				SWIFT_VERSION = 5.0;
				TARGETED_DEVICE_FAMILY = "1,2";
				TEST_TARGET_NAME = IsoApp;
			};
			name = Release;
		};
/* End XCBuildConfiguration section */

/* Begin XCConfigurationList section */
		6425EA4A2D743C1600FCE3BA /* Build configuration list for PBXProject "IsoApp" */ = {
			isa = XCConfigurationList;
			buildConfigurations = (
				6425EA712D743C1A00FCE3BA /* Debug */,
				6425EA722D743C1A00FCE3BA /* Release */,
			);
			defaultConfigurationIsVisible = 0;
			defaultConfigurationName = Release;
		};
		6425EA732D743C1A00FCE3BA /* Build configuration list for PBXNativeTarget "IsoApp" */ = {
			isa = XCConfigurationList;
			buildConfigurations = (
				6425EA742D743C1A00FCE3BA /* Debug */,
				6425EA752D743C1A00FCE3BA /* Release */,
			);
			defaultConfigurationIsVisible = 0;
			defaultConfigurationName = Release;
		};
		6425EA762D743C1A00FCE3BA /* Build configuration list for PBXNativeTarget "IsoAppTests" */ = {
			isa = XCConfigurationList;
			buildConfigurations = (
				6425EA772D743C1A00FCE3BA /* Debug */,
				6425EA782D743C1A00FCE3BA /* Release */,
			);
			defaultConfigurationIsVisible = 0;
			defaultConfigurationName = Release;
		};
		6425EA792D743C1A00FCE3BA /* Build configuration list for PBXNativeTarget "IsoAppUITests" */ = {
			isa = XCConfigurationList;
			buildConfigurations = (
				6425EA7A2D743C1A00FCE3BA /* Debug */,
				6425EA7B2D743C1A00FCE3BA /* Release */,
			);
			defaultConfigurationIsVisible = 0;
			defaultConfigurationName = Release;
		};
/* End XCConfigurationList section */
	};
	rootObject = 6425EA472D743C1600FCE3BA /* Project object */;
}
